Microsoft Visual Studio Solution File, Format Version 12.00
# Visual Studio 2012
Project("{FAE04EC0-301F-11D3-BF4B-00C04F79EFBC}") = "FactorioClone", "FactorioClone.csproj", "{DD415CBD-263A-4047-B31B-940BC78F3EDA}"
EndProject
Global
	GlobalSection(SolutionConfigurationPlatforms) = preSolution
	Debug|Any CPU = Debug|Any CPU
	ExportDebug|Any CPU = ExportDebug|Any CPU
	ExportRelease|Any CPU = ExportRelease|Any CPU
	EndGlobalSection
	GlobalSection(ProjectConfigurationPlatforms) = postSolution
		{DD415CBD-263A-4047-B31B-940BC78F3EDA}.Debug|Any CPU.ActiveCfg = Debug|Any CPU
		{DD415CBD-263A-4047-B31B-940BC78F3EDA}.Debug|Any CPU.Build.0 = Debug|Any CPU
		{DD415CBD-263A-4047-B31B-940BC78F3EDA}.ExportDebug|Any CPU.ActiveCfg = ExportDebug|Any CPU
		{DD415CBD-263A-4047-B31B-940BC78F3EDA}.ExportDebug|Any CPU.Build.0 = ExportDebug|Any CPU
		{DD415CBD-263A-4047-B31B-940BC78F3EDA}.ExportRelease|Any CPU.ActiveCfg = ExportRelease|Any CPU
		{DD415CBD-263A-4047-B31B-940BC78F3EDA}.ExportRelease|Any CPU.Build.0 = ExportRelease|Any CPU
	EndGlobalSection
EndGlobal
